
Microsoft Visual Studio Solution File, Format Version 12.00
# Visual Studio Version 17
VisualStudioVersion = 17.4.33110.190
MinimumVisualStudioVersion = 10.0.40219.1
Project("{FAE04EC0-301F-11D3-BF4B-00C04F79EFBC}") = "Arreglos", "Arreglos\Arreglos.csproj", "{2E4A6BF1-3DD1-463E-8538-293A547F0026}"
EndProject
Global
	GlobalSection(SolutionConfigurationPlatforms) = preSolution
		Debug|Any CPU = Debug|Any CPU
		Release|Any CPU = Release|Any CPU
	EndGlobalSection
	GlobalSection(ProjectConfigurationPlatforms) = postSolution
		{2E4A6BF1-3DD1-463E-8538-293A547F0026}.Debug|Any CPU.ActiveCfg = Debug|Any CPU
		{2E4A6BF1-3DD1-463E-8538-293A547F0026}.Debug|Any CPU.Build.0 = Debug|Any CPU
		{2E4A6BF1-3DD1-463E-8538-293A547F0026}.Release|Any CPU.ActiveCfg = Release|Any CPU
		{2E4A6BF1-3DD1-463E-8538-293A547F0026}.Release|Any CPU.Build.0 = Release|Any CPU
	EndGlobalSection
	GlobalSection(SolutionProperties) = preSolution
		HideSolutionNode = FALSE
	EndGlobalSection
	GlobalSection(ExtensibilityGlobals) = postSolution
		SolutionGuid = {60DBFDD1-71EE-4CEE-BDD7-8CF33595A3B7}
	EndGlobalSection
EndGlobal
